# This file is autogenerated, do not edit; changes may be undone by the next 'dep ensure'.


[[projects]]
  digest = "1:236d7e1bdb50d8f68559af37dbcf9d142d56b431c9b2176d41e2a009b664cda8"
  name = "github.com/google/uuid"
  packages = ["."]
  pruneopts = "UT"
  revision = "9b3b1e0f5f99ae461456d768e7d301a7acdaa2d8"
  version = "v1.1.0"

[[projects]]
  digest = "1:ca59b1175189b3f0e9f1793d2c350114be36eaabbe5b9f554b35edee1de50aea"
  name = "github.com/gorilla/mux"
  packages = ["."]
  pruneopts = "UT"
  revision = "a7962380ca08b5a188038c69871b8d3fbdf31e89"
  version = "v1.7.0"

[[projects]]
  digest = "1:0a69a1c0db3591fcefb47f115b224592c8dfa4368b7ba9fae509d5e16cdc95c8"
  name = "github.com/konsorten/go-windows-terminal-sequences"
  packages = ["."]
  pruneopts = "UT"
  revision = "5c8c8bd35d3832f5d134ae1e1e375b69a4d25242"
  version = "v1.0.1"

[[projects]]
  digest = "1:87c2e02fb01c27060ccc5ba7c5a407cc91147726f8f40b70cceeedbc52b1f3a8"
  name = "github.com/sirupsen/logrus"
  packages = ["."]
  pruneopts = "UT"
  revision = "e1e72e9de974bd926e5c56f83753fba2df402ce5"
  version = "v1.3.0"

[[projects]]
  branch = "master"
  digest = "1:dbd2b63224b02f9c7fd0631edaf6588dfb05fc20608f548fb603ef096fa87474"
  name = "github.com/streadway/amqp"
  packages = ["."]
  pruneopts = "UT"
  revision = "884228600bc96c993ab12fb81ba78bf0c280e88a"

[[projects]]
  digest = "1:b24d38b282bacf9791408a080f606370efa3d364e4b5fd9ba0f7b87786d3b679"
  name = "github.com/urfave/cli"
  packages = ["."]
  pruneopts = "UT"
  revision = "cfb38830724cc34fedffe9a2a29fb54fa9169cd1"
  version = "v1.20.0"

[[projects]]
  branch = "master"
  digest = "1:fde12c4da6237363bf36b81b59aa36a43d28061167ec4acb0d41fc49464e28b9"
  name = "golang.org/x/crypto"
  packages = ["ssh/terminal"]
  pruneopts = "UT"
  revision = "ccddf3741a0cfcee0a62d34c18c2c5417a3761af"

[[projects]]
  branch = "master"
  digest = "1:f5987dbdcc6c3fb59ea5d4e4344a009308608b22c0ba24ef74c4f1e2a6032904"
  name = "golang.org/x/sys"
  packages = [
    "unix",
    "windows",
  ]
  pruneopts = "UT"
  revision = "302c3dd5f1cc82baae8e44d9c3178e89b6e2b345"

[solve-meta]
  analyzer-name = "dep"
  analyzer-version = 1
  input-imports = [
    "github.com/google/uuid",
    "github.com/gorilla/mux",
    "github.com/sirupsen/logrus",
    "github.com/streadway/amqp",
    "github.com/urfave/cli",
  ]
  solver-name = "gps-cdcl"
  solver-version = 1
